// !$*UTF8*$!
{
	archiveVersion = 1;
	classes = {
	};
	objectVersion = 48;
	objects = {

/* Begin PBXBuildFile section */
		444BAEF8201AD31000984BA2 /* AppDelegate.swift in Sources */ = {isa = PBXBuildFile; fileRef = 444BAEF7201AD31000984BA2 /* AppDelegate.swift */; };
		444BAEFA201AD31000984BA2 /* ViewController.swift in Sources */ = {isa = PBXBuildFile; fileRef = 444BAEF9201AD31000984BA2 /* ViewController.swift */; };
		444BAEFD201AD31000984BA2 /* Main.storyboard in Resources */ = {isa = PBXBuildFile; fileRef = 444BAEFB201AD31000984BA2 /* Main.storyboard */; };
		444BAEFF201AD31000984BA2 /* Assets.xcassets in Resources */ = {isa = PBXBuildFile; fileRef = 444BAEFE201AD31000984BA2 /* Assets.xcassets */; };
		444BAF02201AD31000984BA2 /* LaunchScreen.storyboard in Resources */ = {isa = PBXBuildFile; fileRef = 444BAF00201AD31000984BA2 /* LaunchScreen.storyboard */; };
		444BAF0D201AD31000984BA2 /* BaseProjectTests.swift in Sources */ = {isa = PBXBuildFile; fileRef = 444BAF0C201AD31000984BA2 /* BaseProjectTests.swift */; };
		444BAF18201AD31000984BA2 /* BaseProjectUITests.swift in Sources */ = {isa = PBXBuildFile; fileRef = 444BAF17201AD31000984BA2 /* BaseProjectUITests.swift */; };
/* End PBXBuildFile section */

/* Begin PBXContainerItemProxy section */
		444BAF09201AD31000984BA2 /* PBXContainerItemProxy */ = {
			isa = PBXContainerItemProxy;
			containerPortal = 444BAEEC201AD31000984BA2 /* Project object */;
			proxyType = 1;
			remoteGlobalIDString = 444BAEF3201AD31000984BA2;
			remoteInfo = BaseProject;
		};
		444BAF14201AD31000984BA2 /* PBXContainerItemProxy */ = {
			isa = PBXContainerItemProxy;
			containerPortal = 444BAEEC201AD31000984BA2 /* Project object */;
			proxyType = 1;
			remoteGlobalIDString = 444BAEF3201AD31000984BA2;
			remoteInfo = BaseProject;
		};
/* End PBXContainerItemProxy section */

/* Begin PBXFileReference section */
		444BAEF4201AD31000984BA2 /* BaseProject.app */ = {isa = PBXFileReference; explicitFileType = wrapper.application; includeInIndex = 0; path = BaseProject.app; sourceTree = BUILT_PRODUCTS_DIR; };
		444BAEF7201AD31000984BA2 /* AppDelegate.swift */ = {isa = PBXFileReference; lastKnownFileType = sourcecode.swift; path = AppDelegate.swift; sourceTree = "<group>"; };
		444BAEF9201AD31000984BA2 /* ViewController.swift */ = {isa = PBXFileReference; lastKnownFileType = sourcecode.swift; path = ViewController.swift; sourceTree = "<group>"; };
		444BAEFC201AD31000984BA2 /* Base */ = {isa = PBXFileReference; lastKnownFileType = file.storyboard; name = Base; path = Base.lproj/Main.storyboard; sourceTree = "<group>"; };
		444BAEFE201AD31000984BA2 /* Assets.xcassets */ = {isa = PBXFileReference; lastKnownFileType = folder.assetcatalog; path = Assets.xcassets; sourceTree = "<group>"; };
		444BAF01201AD31000984BA2 /* Base */ = {isa = PBXFileReference; lastKnownFileType = file.storyboard; name = Base; path = Base.lproj/LaunchScreen.storyboard; sourceTree = "<group>"; };
		444BAF03201AD31000984BA2 /* Info.plist */ = {isa = PBXFileReference; lastKnownFileType = text.plist.xml; path = Info.plist; sourceTree = "<group>"; };
		444BAF08201AD31000984BA2 /* BaseProjectTests.xctest */ = {isa = PBXFileReference; explicitFileType = wrapper.cfbundle; includeInIndex = 0; path = BaseProjectTests.xctest; sourceTree = BUILT_PRODUCTS_DIR; };
		444BAF0C201AD31000984BA2 /* BaseProjectTests.swift */ = {isa = PBXFileReference; lastKnownFileType = sourcecode.swift; path = BaseProjectTests.swift; sourceTree = "<group>"; };
		444BAF0E201AD31000984BA2 /* Info.plist */ = {isa = PBXFileReference; lastKnownFileType = text.plist.xml; path = Info.plist; sourceTree = "<group>"; };
		444BAF13201AD31000984BA2 /* BaseProjectUITests.xctest */ = {isa = PBXFileReference; explicitFileType = wrapper.cfbundle; includeInIndex = 0; path = BaseProjectUITests.xctest; sourceTree = BUILT_PRODUCTS_DIR; };
		444BAF17201AD31000984BA2 /* BaseProjectUITests.swift */ = {isa = PBXFileReference; lastKnownFileType = sourcecode.swift; path = BaseProjectUITests.swift; sourceTree = "<group>"; };
		444BAF19201AD31000984BA2 /* Info.plist */ = {isa = PBXFileReference; lastKnownFileType = text.plist.xml; path = Info.plist; sourceTree = "<group>"; };
/* End PBXFileReference section */

/* Begin PBXFrameworksBuildPhase section */
		444BAEF1201AD31000984BA2 /* Frameworks */ = {
			isa = PBXFrameworksBuildPhase;
			buildActionMask = 2147483647;
			files = (
			);
			runOnlyForDeploymentPostprocessing = 0;
		};
		444BAF05201AD31000984BA2 /* Frameworks */ = {
			isa = PBXFrameworksBuildPhase;
			buildActionMask = 2147483647;
			files = (
			);
			runOnlyForDeploymentPostprocessing = 0;
		};
		444BAF10201AD31000984BA2 /* Frameworks */ = {
			isa = PBXFrameworksBuildPhase;
			buildActionMask = 2147483647;
			files = (
			);
			runOnlyForDeploymentPostprocessing = 0;
		};
/* End PBXFrameworksBuildPhase section */

/* Begin PBXGroup section */
		444BAEEB201AD31000984BA2 = {
			isa = PBXGroup;
			children = (
				444BAEF6201AD31000984BA2 /* BaseProject */,
				444BAF0B201AD31000984BA2 /* BaseProjectTests */,
				444BAF16201AD31000984BA2 /* BaseProjectUITests */,
				444BAEF5201AD31000984BA2 /* Products */,
			);
			sourceTree = "<group>";
		};
		444BAEF5201AD31000984BA2 /* Products */ = {
			isa = PBXGroup;
			children = (
				444BAEF4201AD31000984BA2 /* BaseProject.app */,
				444BAF08201AD31000984BA2 /* BaseProjectTests.xctest */,
				444BAF13201AD31000984BA2 /* BaseProjectUITests.xctest */,
			);
			name = Products;
			sourceTree = "<group>";
		};
		444BAEF6201AD31000984BA2 /* BaseProject */ = {
			isa = PBXGroup;
			children = (
				444BAEF7201AD31000984BA2 /* AppDelegate.swift */,
				444BAEF9201AD31000984BA2 /* ViewController.swift */,
				444BAEFB201AD31000984BA2 /* Main.storyboard */,
				444BAEFE201AD31000984BA2 /* Assets.xcassets */,
				444BAF00201AD31000984BA2 /* LaunchScreen.storyboard */,
				444BAF03201AD31000984BA2 /* Info.plist */,
			);
			path = BaseProject;
			sourceTree = "<group>";
		};
		444BAF0B201AD31000984BA2 /* BaseProjectTests */ = {
			isa = PBXGroup;
			children = (
				444BAF0C201AD31000984BA2 /* BaseProjectTests.swift */,
				444BAF0E201AD31000984BA2 /* Info.plist */,
			);
			path = BaseProjectTests;
			sourceTree = "<group>";
		};
		444BAF16201AD31000984BA2 /* BaseProjectUITests */ = {
			isa = PBXGroup;
			children = (
				444BAF17201AD31000984BA2 /* BaseProjectUITests.swift */,
				444BAF19201AD31000984BA2 /* Info.plist */,
			);
			path = BaseProjectUITests;
			sourceTree = "<group>";
		};
/* End PBXGroup section */

/* Begin PBXNativeTarget section */
		444BAEF3201AD31000984BA2 /* BaseProject */ = {
			isa = PBXNativeTarget;
			buildConfigurationList = 444BAF1C201AD31000984BA2 /* Build configuration list for PBXNativeTarget "BaseProject" */;
			buildPhases = (
				444BAEF0201AD31000984BA2 /* Sources */,
				444BAEF1201AD31000984BA2 /* Frameworks */,
				444BAEF2201AD31000984BA2 /* Resources */,
			);
			buildRules = (
			);
			dependencies = (
			);
			name = BaseProject;
			productName = BaseProject;
			productReference = 444BAEF4201AD31000984BA2 /* BaseProject.app */;
			productType = "com.apple.product-type.application";
		};
		444BAF07201AD31000984BA2 /* BaseProjectTests */ = {
			isa = PBXNativeTarget;
			buildConfigurationList = 444BAF1F201AD31000984BA2 /* Build configuration list for PBXNativeTarget "BaseProjectTests" */;
			buildPhases = (
				444BAF04201AD31000984BA2 /* Sources */,
				444BAF05201AD31000984BA2 /* Frameworks */,
				444BAF06201AD31000984BA2 /* Resources */,
			);
			buildRules = (
			);
			dependencies = (
				444BAF0A201AD31000984BA2 /* PBXTargetDependency */,
			);
			name = BaseProjectTests;
			productName = BaseProjectTests;
			productReference = 444BAF08201AD31000984BA2 /* BaseProjectTests.xctest */;
			productType = "com.apple.product-type.bundle.unit-test";
		};
		444BAF12201AD31000984BA2 /* BaseProjectUITests */ = {
			isa = PBXNativeTarget;
			buildConfigurationList = 444BAF22201AD31000984BA2 /* Build configuration list for PBXNativeTarget "BaseProjectUITests" */;
			buildPhases = (
				444BAF0F201AD31000984BA2 /* Sources */,
				444BAF10201AD31000984BA2 /* Frameworks */,
				444BAF11201AD31000984BA2 /* Resources */,
			);
			buildRules = (
			);
			dependencies = (
				444BAF15201AD31000984BA2 /* PBXTargetDependency */,
			);
			name = BaseProjectUITests;
			productName = BaseProjectUITests;
			productReference = 444BAF13201AD31000984BA2 /* BaseProjectUITests.xctest */;
			productType = "com.apple.product-type.bundle.ui-testing";
		};
/* End PBXNativeTarget section */

/* Begin PBXProject section */
		444BAEEC201AD31000984BA2 /* Project object */ = {
			isa = PBXProject;
			attributes = {
				LastSwiftUpdateCheck = 0910;
				LastUpgradeCheck = 0910;
				ORGANIZATIONNAME = YF;
				TargetAttributes = {
					444BAEF3201AD31000984BA2 = {
						CreatedOnToolsVersion = 9.1;
						ProvisioningStyle = Automatic;
					};
					444BAF07201AD31000984BA2 = {
						CreatedOnToolsVersion = 9.1;
						ProvisioningStyle = Automatic;
						TestTargetID = 444BAEF3201AD31000984BA2;
					};
					444BAF12201AD31000984BA2 = {
						CreatedOnToolsVersion = 9.1;
						ProvisioningStyle = Automatic;
						TestTargetID = 444BAEF3201AD31000984BA2;
					};
				};
			};
			buildConfigurationList = 444BAEEF201AD31000984BA2 /* Build configuration list for PBXProject "BaseProject" */;
			compatibilityVersion = "Xcode 8.0";
			developmentRegion = en;
			hasScannedForEncodings = 0;
			knownRegions = (
				en,
				Base,
			);
			mainGroup = 444BAEEB201AD31000984BA2;
			productRefGroup = 444BAEF5201AD31000984BA2 /* Products */;
			projectDirPath = "";
			projectRoot = "";
			targets = (
				444BAEF3201AD31000984BA2 /* BaseProject */,
				444BAF07201AD31000984BA2 /* BaseProjectTests */,
				444BAF12201AD31000984BA2 /* BaseProjectUITests */,
			);
		};
/* End PBXProject section */

/* Begin PBXResourcesBuildPhase section */
		444BAEF2201AD31000984BA2 /* Resources */ = {
			isa = PBXResourcesBuildPhase;
			buildActionMask = 2147483647;
			files = (
				444BAF02201AD31000984BA2 /* LaunchScreen.storyboard in Resources */,
				444BAEFF201AD31000984BA2 /* Assets.xcassets in Resources */,
				444BAEFD201AD31000984BA2 /* Main.storyboard in Resources */,
			);
			runOnlyForDeploymentPostprocessing = 0;
		};
		444BAF06201AD31000984BA2 /* Resources */ = {
			isa = PBXResourcesBuildPhase;
			buildActionMask = 2147483647;
			files = (
			);
			runOnlyForDeploymentPostprocessing = 0;
		};
		444BAF11201AD31000984BA2 /* Resources */ = {
			isa = PBXResourcesBuildPhase;
			buildActionMask = 2147483647;
			files = (
			);
			runOnlyForDeploymentPostprocessing = 0;
		};
/* End PBXResourcesBuildPhase section */

/* Begin PBXSourcesBuildPhase section */
		444BAEF0201AD31000984BA2 /* Sources */ = {
			isa = PBXSourcesBuildPhase;
			buildActionMask = 2147483647;
			files = (
				444BAEFA201AD31000984BA2 /* ViewController.swift in Sources */,
				444BAEF8201AD31000984BA2 /* AppDelegate.swift in Sources */,
			);
			runOnlyForDeploymentPostprocessing = 0;
		};
		444BAF04201AD31000984BA2 /* Sources */ = {
			isa = PBXSourcesBuildPhase;
			buildActionMask = 2147483647;
			files = (
				444BAF0D201AD31000984BA2 /* BaseProjectTests.swift in Sources */,
			);
			runOnlyForDeploymentPostprocessing = 0;
		};
		444BAF0F201AD31000984BA2 /* Sources */ = {
			isa = PBXSourcesBuildPhase;
			buildActionMask = 2147483647;
			files = (
				444BAF18201AD31000984BA2 /* BaseProjectUITests.swift in Sources */,
			);
			runOnlyForDeploymentPostprocessing = 0;
		};
/* End PBXSourcesBuildPhase section */

/* Begin PBXTargetDependency section */
		444BAF0A201AD31000984BA2 /* PBXTargetDependency */ = {
			isa = PBXTargetDependency;
			target = 444BAEF3201AD31000984BA2 /* BaseProject */;
			targetProxy = 444BAF09201AD31000984BA2 /* PBXContainerItemProxy */;
		};
		444BAF15201AD31000984BA2 /* PBXTargetDependency */ = {
			isa = PBXTargetDependency;
			target = 444BAEF3201AD31000984BA2 /* BaseProject */;
			targetProxy = 444BAF14201AD31000984BA2 /* PBXContainerItemProxy */;
		};
/* End PBXTargetDependency section */

/* Begin PBXVariantGroup section */
		444BAEFB201AD31000984BA2 /* Main.storyboard */ = {
			isa = PBXVariantGroup;
			children = (
				444BAEFC201AD31000984BA2 /* Base */,
			);
			name = Main.storyboard;
			sourceTree = "<group>";
		};
		444BAF00201AD31000984BA2 /* LaunchScreen.storyboard */ = {
			isa = PBXVariantGroup;
			children = (
				444BAF01201AD31000984BA2 /* Base */,
			);
			name = LaunchScreen.storyboard;
			sourceTree = "<group>";
		};
/* End PBXVariantGroup section */

/* Begin XCBuildConfiguration section */
		444BAF1A201AD31000984BA2 /* Debug */ = {
			isa = XCBuildConfiguration;
			buildSettings = {
				ALWAYS_SEARCH_USER_PATHS = NO;
				CLANG_ANALYZER_NONNULL = YES;
				CLANG_ANALYZER_NUMBER_OBJECT_CONVERSION = YES_AGGRESSIVE;
				CLANG_CXX_LANGUAGE_STANDARD = "gnu++14";
				CLANG_CXX_LIBRARY = "libc++";
				CLANG_ENABLE_MODULES = YES;
				CLANG_ENABLE_OBJC_ARC = YES;
				CLANG_WARN_BLOCK_CAPTURE_AUTORELEASING = YES;
				CLANG_WARN_BOOL_CONVERSION = YES;
				CLANG_WARN_COMMA = YES;
				CLANG_WARN_CONSTANT_CONVERSION = YES;
				CLANG_WARN_DIRECT_OBJC_ISA_USAGE = YES_ERROR;
				CLANG_WARN_DOCUMENTATION_COMMENTS = YES;
				CLANG_WARN_EMPTY_BODY = YES;
				CLANG_WARN_ENUM_CONVERSION = YES;
				CLANG_WARN_INFINITE_RECURSION = YES;
				CLANG_WARN_INT_CONVERSION = YES;
				CLANG_WARN_NON_LITERAL_NULL_CONVERSION = YES;
				CLANG_WARN_OBJC_LITERAL_CONVERSION = YES;
				CLANG_WARN_OBJC_ROOT_CLASS = YES_ERROR;
				CLANG_WARN_RANGE_LOOP_ANALYSIS = YES;
				CLANG_WARN_STRICT_PROTOTYPES = YES;
				CLANG_WARN_SUSPICIOUS_MOVE = YES;
				CLANG_WARN_UNGUARDED_AVAILABILITY = YES_AGGRESSIVE;
				CLANG_WARN_UNREACHABLE_CODE = YES;
				CLANG_WARN__DUPLICATE_METHOD_MATCH = YES;
				CODE_SIGN_IDENTITY = "iPhone Developer";
				COPY_PHASE_STRIP = NO;
				DEBUG_INFORMATION_FORMAT = dwarf;
				ENABLE_STRICT_OBJC_MSGSEND = YES;
				ENABLE_TESTABILITY = YES;
				GCC_C_LANGUAGE_STANDARD = gnu11;
				GCC_DYNAMIC_NO_PIC = NO;
				GCC_NO_COMMON_BLOCKS = YES;
				GCC_OPTIMIZATION_LEVEL = 0;
				GCC_PREPROCESSOR_DEFINITIONS = (
					"DEBUG=1",
					"$(inherited)",
				);
				GCC_WARN_64_TO_32_BIT_CONVERSION = YES;
				GCC_WARN_ABOUT_RETURN_TYPE = YES_ERROR;
				GCC_WARN_UNDECLARED_SELECTOR = YES;
				GCC_WARN_UNINITIALIZED_AUTOS = YES_AGGRESSIVE;
				GCC_WARN_UNUSED_FUNCTION = YES;
				GCC_WARN_UNUSED_VARIABLE = YES;
				IPHONEOS_DEPLOYMENT_TARGET = 11.1;
				MTL_ENABLE_DEBUG_INFO = YES;
				ONLY_ACTIVE_ARCH = YES;
				SDKROOT = iphoneos;
				SWIFT_ACTIVE_COMPILATION_CONDITIONS = DEBUG;
				SWIFT_OPTIMIZATION_LEVEL = "-Onone";
			};
			name = Debug;
		};
		444BAF1B201AD31000984BA2 /* Release */ = {
			isa = XCBuildConfiguration;
			buildSettings = {
				ALWAYS_SEARCH_USER_PATHS = NO;
				CLANG_ANALYZER_NONNULL = YES;
				CLANG_ANALYZER_NUMBER_OBJECT_CONVERSION = YES_AGGRESSIVE;
				CLANG_CXX_LANGUAGE_STANDARD = "gnu++14";
				CLANG_CXX_LIBRARY = "libc++";
				CLANG_ENABLE_MODULES = YES;
				CLANG_ENABLE_OBJC_ARC = YES;
				CLANG_WARN_BLOCK_CAPTURE_AUTORELEASING = YES;
				CLANG_WARN_BOOL_CONVERSION = YES;
				CLANG_WARN_COMMA = YES;
				CLANG_WARN_CONSTANT_CONVERSION = YES;
				CLANG_WARN_DIRECT_OBJC_ISA_USAGE = YES_ERROR;
				CLANG_WARN_DOCUMENTATION_COMMENTS = YES;
				CLANG_WARN_EMPTY_BODY = YES;
				CLANG_WARN_ENUM_CONVERSION = YES;
				CLANG_WARN_INFINITE_RECURSION = YES;
				CLANG_WARN_INT_CONVERSION = YES;
				CLANG_WARN_NON_LITERAL_NULL_CONVERSION = YES;
				CLANG_WARN_OBJC_LITERAL_CONVERSION = YES;
				CLANG_WARN_OBJC_ROOT_CLASS = YES_ERROR;
				CLANG_WARN_RANGE_LOOP_ANALYSIS = YES;
				CLANG_WARN_STRICT_PROTOTYPES = YES;
				CLANG_WARN_SUSPICIOUS_MOVE = YES;
				CLANG_WARN_UNGUARDED_AVAILABILITY = YES_AGGRESSIVE;
				CLANG_WARN_UNREACHABLE_CODE = YES;
				CLANG_WARN__DUPLICATE_METHOD_MATCH = YES;
				CODE_SIGN_IDENTITY = "iPhone Developer";
				COPY_PHASE_STRIP = NO;
				DEBUG_INFORMATION_FORMAT = "dwarf-with-dsym";
				ENABLE_NS_ASSERTIONS = NO;
				ENABLE_STRICT_OBJC_MSGSEND = YES;
				GCC_C_LANGUAGE_STANDARD = gnu11;
				GCC_NO_COMMON_BLOCKS = YES;
				GCC_WARN_64_TO_32_BIT_CONVERSION = YES;
				GCC_WARN_ABOUT_RETURN_TYPE = YES_ERROR;
				GCC_WARN_UNDECLARED_SELECTOR = YES;
				GCC_WARN_UNINITIALIZED_AUTOS = YES_AGGRESSIVE;
				GCC_WARN_UNUSED_FUNCTION = YES;
				GCC_WARN_UNUSED_VARIABLE = YES;
				IPHONEOS_DEPLOYMENT_TARGET = 11.1;
				MTL_ENABLE_DEBUG_INFO = NO;
				SDKROOT = iphoneos;
				SWIFT_OPTIMIZATION_LEVEL = "-Owholemodule";
				VALIDATE_PRODUCT = YES;
			};
			name = Release;
		};
		444BAF1D201AD31000984BA2 /* Debug */ = {
			isa = XCBuildConfiguration;
			buildSettings = {
				ASSETCATALOG_COMPILER_APPICON_NAME = AppIcon;
				CODE_SIGN_STYLE = Automatic;
				INFOPLIST_FILE = BaseProject/Info.plist;
				LD_RUNPATH_SEARCH_PATHS = "$(inherited) @executable_path/Frameworks";
				PRODUCT_BUNDLE_IDENTIFIER = com.yingfeng365.BaseProject;
				PRODUCT_NAME = "$(TARGET_NAME)";
				SWIFT_VERSION = 4.0;
				TARGETED_DEVICE_FAMILY = "1,2";
			};
			name = Debug;
		};
		444BAF1E201AD31000984BA2 /* Release */ = {
			isa = XCBuildConfiguration;
			buildSettings = {
				ASSETCATALOG_COMPILER_APPICON_NAME = AppIcon;
				CODE_SIGN_STYLE = Automatic;
				INFOPLIST_FILE = BaseProject/Info.plist;
				LD_RUNPATH_SEARCH_PATHS = "$(inherited) @executable_path/Frameworks";
				PRODUCT_BUNDLE_IDENTIFIER = com.yingfeng365.BaseProject;
				PRODUCT_NAME = "$(TARGET_NAME)";
				SWIFT_VERSION = 4.0;
				TARGETED_DEVICE_FAMILY = "1,2";
			};
			name = Release;
		};
		444BAF20201AD31000984BA2 /* Debug */ = {
			isa = XCBuildConfiguration;
			buildSettings = {
				ALWAYS_EMBED_SWIFT_STANDARD_LIBRARIES = YES;
				BUNDLE_LOADER = "$(TEST_HOST)";
				CODE_SIGN_STYLE = Automatic;
				INFOPLIST_FILE = BaseProjectTests/Info.plist;
				LD_RUNPATH_SEARCH_PATHS = "$(inherited) @executable_path/Frameworks @loader_path/Frameworks";
				PRODUCT_BUNDLE_IDENTIFIER = com.yingfeng365.BaseProjectTests;
				PRODUCT_NAME = "$(TARGET_NAME)";
				SWIFT_VERSION = 4.0;
				TARGETED_DEVICE_FAMILY = "1,2";
				TEST_HOST = "$(BUILT_PRODUCTS_DIR)/BaseProject.app/BaseProject";
			};
			name = Debug;
		};
		444BAF21201AD31000984BA2 /* Release */ = {
			isa = XCBuildConfiguration;
			buildSettings = {
				ALWAYS_EMBED_SWIFT_STANDARD_LIBRARIES = YES;
				BUNDLE_LOADER = "$(TEST_HOST)";
				CODE_SIGN_STYLE = Automatic;
				INFOPLIST_FILE = BaseProjectTests/Info.plist;
				LD_RUNPATH_SEARCH_PATHS = "$(inherited) @executable_path/Frameworks @loader_path/Frameworks";
				PRODUCT_BUNDLE_IDENTIFIER = com.yingfeng365.BaseProjectTests;
				PRODUCT_NAME = "$(TARGET_NAME)";
				SWIFT_VERSION = 4.0;
				TARGETED_DEVICE_FAMILY = "1,2";
				TEST_HOST = "$(BUILT_PRODUCTS_DIR)/BaseProject.app/BaseProject";
			};
			name = Release;
		};
		444BAF23201AD31000984BA2 /* Debug */ = {
			isa = XCBuildConfiguration;
			buildSettings = {
				ALWAYS_EMBED_SWIFT_STANDARD_LIBRARIES = YES;
				CODE_SIGN_STYLE = Automatic;
				INFOPLIST_FILE = BaseProjectUITests/Info.plist;
				LD_RUNPATH_SEARCH_PATHS = "$(inherited) @executable_path/Frameworks @loader_path/Frameworks";
				PRODUCT_BUNDLE_IDENTIFIER = com.yingfeng365.BaseProjectUITests;
				PRODUCT_NAME = "$(TARGET_NAME)";
				SWIFT_VERSION = 4.0;
				TARGETED_DEVICE_FAMILY = "1,2";
				TEST_TARGET_NAME = BaseProject;
			};
			name = Debug;
		};
		444BAF24201AD31000984BA2 /* Release */ = {
			isa = XCBuildConfiguration;
			buildSettings = {
				ALWAYS_EMBED_SWIFT_STANDARD_LIBRARIES = YES;
				CODE_SIGN_STYLE = Automatic;
				INFOPLIST_FILE = BaseProjectUITests/Info.plist;
				LD_RUNPATH_SEARCH_PATHS = "$(inherited) @executable_path/Frameworks @loader_path/Frameworks";
				PRODUCT_BUNDLE_IDENTIFIER = com.yingfeng365.BaseProjectUITests;
				PRODUCT_NAME = "$(TARGET_NAME)";
				SWIFT_VERSION = 4.0;
				TARGETED_DEVICE_FAMILY = "1,2";
				TEST_TARGET_NAME = BaseProject;
			};
			name = Release;
		};
/* End XCBuildConfiguration section */

/* Begin XCConfigurationList section */
		444BAEEF201AD31000984BA2 /* Build configuration list for PBXProject "BaseProject" */ = {
			isa = XCConfigurationList;
			buildConfigurations = (
				444BAF1A201AD31000984BA2 /* Debug */,
				444BAF1B201AD31000984BA2 /* Release */,
			);
			defaultConfigurationIsVisible = 0;
			defaultConfigurationName = Release;
		};
		444BAF1C201AD31000984BA2 /* Build configuration list for PBXNativeTarget "BaseProject" */ = {
			isa = XCConfigurationList;
			buildConfigurations = (
				444BAF1D201AD31000984BA2 /* Debug */,
				444BAF1E201AD31000984BA2 /* Release */,
			);
			defaultConfigurationIsVisible = 0;
			defaultConfigurationName = Release;
		};
		444BAF1F201AD31000984BA2 /* Build configuration list for PBXNativeTarget "BaseProjectTests" */ = {
			isa = XCConfigurationList;
			buildConfigurations = (
				444BAF20201AD31000984BA2 /* Debug */,
				444BAF21201AD31000984BA2 /* Release */,
			);
			defaultConfigurationIsVisible = 0;
			defaultConfigurationName = Release;
		};
		444BAF22201AD31000984BA2 /* Build configuration list for PBXNativeTarget "BaseProjectUITests" */ = {
			isa = XCConfigurationList;
			buildConfigurations = (
				444BAF23201AD31000984BA2 /* Debug */,
				444BAF24201AD31000984BA2 /* Release */,
			);
			defaultConfigurationIsVisible = 0;
			defaultConfigurationName = Release;
		};
/* End XCConfigurationList section */
	};
	rootObject = 444BAEEC201AD31000984BA2 /* Project object */;
}
